
Microsoft Visual Studio Solution File, Format Version 12.00
# Visual Studio Version 17
VisualStudioVersion = 17.14.36414.22 d17.14
MinimumVisualStudioVersion = 10.0.40219.1
Project("{FAE04EC0-301F-11D3-BF4B-00C04F79EFBC}") = "BoneVisQA.Repositories", "BoneVisQA.Repositories\BoneVisQA.Repositories.csproj", "{9FB4AC76-2DC5-490A-A7D7-A7C1026E8321}"
EndProject
Project("{FAE04EC0-301F-11D3-BF4B-00C04F79EFBC}") = "BoneVisQA.Services", "BoneVisQA.Services\BoneVisQA.Services.csproj", "{F8911754-A54B-4215-BE41-BA079113759E}"
EndProject
Project("{FAE04EC0-301F-11D3-BF4B-00C04F79EFBC}") = "BoneVisQA.API", "BoneVisQA.API\BoneVisQA.API.csproj", "{4D3DC2B3-CBC5-4AD7-B511-A9BA731FB67B}"
EndProject
Global
	GlobalSection(SolutionConfigurationPlatforms) = preSolution
		Debug|Any CPU = Debug|Any CPU
		Release|Any CPU = Release|Any CPU
	EndGlobalSection
	GlobalSection(ProjectConfigurationPlatforms) = postSolution
		{9FB4AC76-2DC5-490A-A7D7-A7C1026E8321}.Debug|Any CPU.ActiveCfg = Debug|Any CPU
		{9FB4AC76-2DC5-490A-A7D7-A7C1026E8321}.Debug|Any CPU.Build.0 = Debug|Any CPU
		{9FB4AC76-2DC5-490A-A7D7-A7C1026E8321}.Release|Any CPU.ActiveCfg = Release|Any CPU
		{9FB4AC76-2DC5-490A-A7D7-A7C1026E8321}.Release|Any CPU.Build.0 = Release|Any CPU
		{F8911754-A54B-4215-BE41-BA079113759E}.Debug|Any CPU.ActiveCfg = Debug|Any CPU
		{F8911754-A54B-4215-BE41-BA079113759E}.Debug|Any CPU.Build.0 = Debug|Any CPU
		{F8911754-A54B-4215-BE41-BA079113759E}.Release|Any CPU.ActiveCfg = Release|Any CPU
		{F8911754-A54B-4215-BE41-BA079113759E}.Release|Any CPU.Build.0 = Release|Any CPU
		{4D3DC2B3-CBC5-4AD7-B511-A9BA731FB67B}.Debug|Any CPU.ActiveCfg = Debug|Any CPU
		{4D3DC2B3-CBC5-4AD7-B511-A9BA731FB67B}.Debug|Any CPU.Build.0 = Debug|Any CPU
		{4D3DC2B3-CBC5-4AD7-B511-A9BA731FB67B}.Release|Any CPU.ActiveCfg = Release|Any CPU
		{4D3DC2B3-CBC5-4AD7-B511-A9BA731FB67B}.Release|Any CPU.Build.0 = Release|Any CPU
	EndGlobalSection
	GlobalSection(SolutionProperties) = preSolution
		HideSolutionNode = FALSE
	EndGlobalSection
	GlobalSection(ExtensibilityGlobals) = postSolution
		SolutionGuid = {164CE7C0-E99C-4F40-AAB7-B518274A3D1F}
	EndGlobalSection
EndGlobal
